
Microsoft Visual Studio Solution File, Format Version 12.00
# Visual Studio Version 17
VisualStudioVersion = 17.8.34322.80
MinimumVisualStudioVersion = 10.0.40219.1
Project("{9A19103F-16F7-4668-BE54-9A1E7A4F7556}") = "Day01", "Day01\Day01.csproj", "{AF2453C2-7F8E-4229-ACB9-7C3992C794D6}"
EndProject
Project("{2150E333-8FDC-42A3-9474-1A3956D46DE8}") = "Solution Items", "Solution Items", "{51EE6600-B387-40C1-895B-C1AE7AFF5DB7}"
	ProjectSection(SolutionItems) = preProject
		.gitignore = .gitignore
	EndProjectSection
EndProject
Project("{9A19103F-16F7-4668-BE54-9A1E7A4F7556}") = "Day01.Tests", "Day01.Tests\Day01.Tests.csproj", "{FB194A5B-55C6-4F72-BCF8-88F77D4F8BF6}"
EndProject
Project("{9A19103F-16F7-4668-BE54-9A1E7A4F7556}") = "Day02", "Day02\Day02.csproj", "{ED798252-040B-4A4A-8AB2-6FD1177BF07C}"
EndProject
Project("{9A19103F-16F7-4668-BE54-9A1E7A4F7556}") = "Day02.Tests", "Day02.Tests\Day02.Tests.csproj", "{027CEA8E-127C-4A79-985D-F1700F5504C4}"
EndProject
Project("{9A19103F-16F7-4668-BE54-9A1E7A4F7556}") = "Day03", "Day03\Day03.csproj", "{B9E091B5-E389-437B-8F5B-F97AEB21D8BA}"
EndProject
Project("{9A19103F-16F7-4668-BE54-9A1E7A4F7556}") = "Day03.Tests", "Day03.Tests\Day03.Tests.csproj", "{DA57AF7F-E343-4B46-94DC-4FCD5512B701}"
EndProject
Project("{9A19103F-16F7-4668-BE54-9A1E7A4F7556}") = "Day04", "Day04\Day04.csproj", "{58547696-1ADE-4ABA-9E22-F5FC0E4DE779}"
EndProject
Project("{9A19103F-16F7-4668-BE54-9A1E7A4F7556}") = "Day04.Tests", "Day04.Tests\Day04.Tests.csproj", "{D528BFDC-F726-4421-9DA8-1FB8F8EC2C88}"
EndProject
Project("{9A19103F-16F7-4668-BE54-9A1E7A4F7556}") = "Day05", "Day05\Day05.csproj", "{B663A36C-723A-45BF-A06A-D28D232EC5BC}"
EndProject
Project("{9A19103F-16F7-4668-BE54-9A1E7A4F7556}") = "Day05.Tests", "Day05.Tests\Day05.Tests.csproj", "{55A5AB0E-2800-4633-BBAB-E32F386E51CE}"
EndProject
Project("{9A19103F-16F7-4668-BE54-9A1E7A4F7556}") = "Day06", "Day06\Day06.csproj", "{CE0B0E11-7873-4C2F-BFFD-0579FE6F40F1}"
EndProject
Project("{9A19103F-16F7-4668-BE54-9A1E7A4F7556}") = "Day06.Tests", "Day06.Tests\Day06.Tests.csproj", "{C622E42A-EBDD-43CA-AA24-C144AD5F7DC7}"
EndProject
Project("{9A19103F-16F7-4668-BE54-9A1E7A4F7556}") = "Day07", "Day07\Day07.csproj", "{553A1FBC-02B2-433F-8275-D99FA07C35E1}"
EndProject
Project("{9A19103F-16F7-4668-BE54-9A1E7A4F7556}") = "Day07.Tests", "Day07.Tests\Day07.Tests.csproj", "{C9584B90-E119-44CE-BD6B-9A00F25CD04D}"
EndProject
Project("{FAE04EC0-301F-11D3-BF4B-00C04F79EFBC}") = "Day08", "Day08\Day08.csproj", "{7B220EC8-AA2B-41AA-AB5A-6D9027D8F57F}"
EndProject
Project("{FAE04EC0-301F-11D3-BF4B-00C04F79EFBC}") = "Day08.Tests", "Day08.Tests\Day08.Tests.csproj", "{2A53D34D-EA55-4E37-8B52-5D92BE255584}"
EndProject
Global
	GlobalSection(SolutionConfigurationPlatforms) = preSolution
		Debug|Any CPU = Debug|Any CPU
		Release|Any CPU = Release|Any CPU
	EndGlobalSection
	GlobalSection(ProjectConfigurationPlatforms) = postSolution
		{AF2453C2-7F8E-4229-ACB9-7C3992C794D6}.Debug|Any CPU.ActiveCfg = Debug|Any CPU
		{AF2453C2-7F8E-4229-ACB9-7C3992C794D6}.Debug|Any CPU.Build.0 = Debug|Any CPU
		{AF2453C2-7F8E-4229-ACB9-7C3992C794D6}.Release|Any CPU.ActiveCfg = Release|Any CPU
		{AF2453C2-7F8E-4229-ACB9-7C3992C794D6}.Release|Any CPU.Build.0 = Release|Any CPU
		{FB194A5B-55C6-4F72-BCF8-88F77D4F8BF6}.Debug|Any CPU.ActiveCfg = Debug|Any CPU
		{FB194A5B-55C6-4F72-BCF8-88F77D4F8BF6}.Debug|Any CPU.Build.0 = Debug|Any CPU
		{FB194A5B-55C6-4F72-BCF8-88F77D4F8BF6}.Release|Any CPU.ActiveCfg = Release|Any CPU
		{FB194A5B-55C6-4F72-BCF8-88F77D4F8BF6}.Release|Any CPU.Build.0 = Release|Any CPU
		{ED798252-040B-4A4A-8AB2-6FD1177BF07C}.Debug|Any CPU.ActiveCfg = Debug|Any CPU
		{ED798252-040B-4A4A-8AB2-6FD1177BF07C}.Debug|Any CPU.Build.0 = Debug|Any CPU
		{ED798252-040B-4A4A-8AB2-6FD1177BF07C}.Release|Any CPU.ActiveCfg = Release|Any CPU
		{ED798252-040B-4A4A-8AB2-6FD1177BF07C}.Release|Any CPU.Build.0 = Release|Any CPU
		{027CEA8E-127C-4A79-985D-F1700F5504C4}.Debug|Any CPU.ActiveCfg = Debug|Any CPU
		{027CEA8E-127C-4A79-985D-F1700F5504C4}.Debug|Any CPU.Build.0 = Debug|Any CPU
		{027CEA8E-127C-4A79-985D-F1700F5504C4}.Release|Any CPU.ActiveCfg = Release|Any CPU
		{027CEA8E-127C-4A79-985D-F1700F5504C4}.Release|Any CPU.Build.0 = Release|Any CPU
		{B9E091B5-E389-437B-8F5B-F97AEB21D8BA}.Debug|Any CPU.ActiveCfg = Debug|Any CPU
		{B9E091B5-E389-437B-8F5B-F97AEB21D8BA}.Debug|Any CPU.Build.0 = Debug|Any CPU
		{B9E091B5-E389-437B-8F5B-F97AEB21D8BA}.Release|Any CPU.ActiveCfg = Release|Any CPU
		{B9E091B5-E389-437B-8F5B-F97AEB21D8BA}.Release|Any CPU.Build.0 = Release|Any CPU
		{DA57AF7F-E343-4B46-94DC-4FCD5512B701}.Debug|Any CPU.ActiveCfg = Debug|Any CPU
		{DA57AF7F-E343-4B46-94DC-4FCD5512B701}.Debug|Any CPU.Build.0 = Debug|Any CPU
		{DA57AF7F-E343-4B46-94DC-4FCD5512B701}.Release|Any CPU.ActiveCfg = Release|Any CPU
		{DA57AF7F-E343-4B46-94DC-4FCD5512B701}.Release|Any CPU.Build.0 = Release|Any CPU
		{58547696-1ADE-4ABA-9E22-F5FC0E4DE779}.Debug|Any CPU.ActiveCfg = Debug|Any CPU
		{58547696-1ADE-4ABA-9E22-F5FC0E4DE779}.Debug|Any CPU.Build.0 = Debug|Any CPU
		{58547696-1ADE-4ABA-9E22-F5FC0E4DE779}.Release|Any CPU.ActiveCfg = Release|Any CPU
		{58547696-1ADE-4ABA-9E22-F5FC0E4DE779}.Release|Any CPU.Build.0 = Release|Any CPU
		{D528BFDC-F726-4421-9DA8-1FB8F8EC2C88}.Debug|Any CPU.ActiveCfg = Debug|Any CPU
		{D528BFDC-F726-4421-9DA8-1FB8F8EC2C88}.Debug|Any CPU.Build.0 = Debug|Any CPU
		{D528BFDC-F726-4421-9DA8-1FB8F8EC2C88}.Release|Any CPU.ActiveCfg = Release|Any CPU
		{D528BFDC-F726-4421-9DA8-1FB8F8EC2C88}.Release|Any CPU.Build.0 = Release|Any CPU
		{B663A36C-723A-45BF-A06A-D28D232EC5BC}.Debug|Any CPU.ActiveCfg = Debug|Any CPU
		{B663A36C-723A-45BF-A06A-D28D232EC5BC}.Debug|Any CPU.Build.0 = Debug|Any CPU
		{B663A36C-723A-45BF-A06A-D28D232EC5BC}.Release|Any CPU.ActiveCfg = Release|Any CPU
		{B663A36C-723A-45BF-A06A-D28D232EC5BC}.Release|Any CPU.Build.0 = Release|Any CPU
		{55A5AB0E-2800-4633-BBAB-E32F386E51CE}.Debug|Any CPU.ActiveCfg = Debug|Any CPU
		{55A5AB0E-2800-4633-BBAB-E32F386E51CE}.Debug|Any CPU.Build.0 = Debug|Any CPU
		{55A5AB0E-2800-4633-BBAB-E32F386E51CE}.Release|Any CPU.ActiveCfg = Release|Any CPU
		{55A5AB0E-2800-4633-BBAB-E32F386E51CE}.Release|Any CPU.Build.0 = Release|Any CPU
		{CE0B0E11-7873-4C2F-BFFD-0579FE6F40F1}.Debug|Any CPU.ActiveCfg = Debug|Any CPU
		{CE0B0E11-7873-4C2F-BFFD-0579FE6F40F1}.Debug|Any CPU.Build.0 = Debug|Any CPU
		{CE0B0E11-7873-4C2F-BFFD-0579FE6F40F1}.Release|Any CPU.ActiveCfg = Release|Any CPU
		{CE0B0E11-7873-4C2F-BFFD-0579FE6F40F1}.Release|Any CPU.Build.0 = Release|Any CPU
		{C622E42A-EBDD-43CA-AA24-C144AD5F7DC7}.Debug|Any CPU.ActiveCfg = Debug|Any CPU
		{C622E42A-EBDD-43CA-AA24-C144AD5F7DC7}.Debug|Any CPU.Build.0 = Debug|Any CPU
		{C622E42A-EBDD-43CA-AA24-C144AD5F7DC7}.Release|Any CPU.ActiveCfg = Release|Any CPU
		{C622E42A-EBDD-43CA-AA24-C144AD5F7DC7}.Release|Any CPU.Build.0 = Release|Any CPU
		{553A1FBC-02B2-433F-8275-D99FA07C35E1}.Debug|Any CPU.ActiveCfg = Debug|Any CPU
		{553A1FBC-02B2-433F-8275-D99FA07C35E1}.Debug|Any CPU.Build.0 = Debug|Any CPU
		{553A1FBC-02B2-433F-8275-D99FA07C35E1}.Release|Any CPU.ActiveCfg = Release|Any CPU
		{553A1FBC-02B2-433F-8275-D99FA07C35E1}.Release|Any CPU.Build.0 = Release|Any CPU
		{C9584B90-E119-44CE-BD6B-9A00F25CD04D}.Debug|Any CPU.ActiveCfg = Debug|Any CPU
		{C9584B90-E119-44CE-BD6B-9A00F25CD04D}.Debug|Any CPU.Build.0 = Debug|Any CPU
		{C9584B90-E119-44CE-BD6B-9A00F25CD04D}.Release|Any CPU.ActiveCfg = Release|Any CPU
		{C9584B90-E119-44CE-BD6B-9A00F25CD04D}.Release|Any CPU.Build.0 = Release|Any CPU
		{7B220EC8-AA2B-41AA-AB5A-6D9027D8F57F}.Debug|Any CPU.ActiveCfg = Debug|Any CPU
		{7B220EC8-AA2B-41AA-AB5A-6D9027D8F57F}.Debug|Any CPU.Build.0 = Debug|Any CPU
		{7B220EC8-AA2B-41AA-AB5A-6D9027D8F57F}.Release|Any CPU.ActiveCfg = Release|Any CPU
		{7B220EC8-AA2B-41AA-AB5A-6D9027D8F57F}.Release|Any CPU.Build.0 = Release|Any CPU
		{2A53D34D-EA55-4E37-8B52-5D92BE255584}.Debug|Any CPU.ActiveCfg = Debug|Any CPU
		{2A53D34D-EA55-4E37-8B52-5D92BE255584}.Debug|Any CPU.Build.0 = Debug|Any CPU
		{2A53D34D-EA55-4E37-8B52-5D92BE255584}.Release|Any CPU.ActiveCfg = Release|Any CPU
		{2A53D34D-EA55-4E37-8B52-5D92BE255584}.Release|Any CPU.Build.0 = Release|Any CPU
	EndGlobalSection
	GlobalSection(SolutionProperties) = preSolution
		HideSolutionNode = FALSE
	EndGlobalSection
	GlobalSection(ExtensibilityGlobals) = postSolution
		SolutionGuid = {E7AC9FBB-C0DB-43A8-BC89-37B377749F69}
	EndGlobalSection
EndGlobal
